%{
  "amnesia": {:hex, :amnesia, "0.2.8", "81199a1c4c8db886cfb8ea159f746d5ffdb188bee96cb944f63bdb4465b09fa0", [:mix], [{:exquisite, "~> 0.1.7", [hex: :exquisite, repo: "hexpm", optional: false]}], "hexpm", "6037898c974457809ffa1f9a74cccab8f48c99b206aee9b3fc7bb3af73b06b14"},
  "bunt": {:hex, :bunt, "0.2.1", "e2d4792f7bc0ced7583ab54922808919518d0e57ee162901a16a1b6664ef3b14", [:mix], [], "hexpm", "a330bfb4245239787b15005e66ae6845c9cd524a288f0d141c148b02603777a5"},
  "complex": {:hex, :complex, "0.4.2", "923e5db0be13dbb3ea00cf8459d9f75f3afdd9ff5a82742ded21064330d28273", [:mix], [], "hexpm", "069a085ef820ce675a2619fd125b963ff4514af2102c7f7d7965128e5ec0a429"},
  "credo": {:hex, :credo, "1.6.7", "323f5734350fd23a456f2688b9430e7d517afb313fbd38671b8a4449798a7854", [:mix], [{:bunt, "~> 0.2.1", [hex: :bunt, repo: "hexpm", optional: false]}, {:file_system, "~> 0.2.8", [hex: :file_system, repo: "hexpm", optional: false]}, {:jason, "~> 1.0", [hex: :jason, repo: "hexpm", optional: false]}], "hexpm", "41e110bfb007f7eda7f897c10bf019ceab9a0b269ce79f015d54b0dcf4fc7dd3"},
  "csv": {:hex, :csv, "3.0.1", "e227dec12cf8e2417ad65151d06f19a4f4651af6cd33a476b8105ec4ea621f1c", [:mix], [], "hexpm", "5909ffe5b3cec4c2b0c7be1ec4a326e018a890dffebb05e0f79f4414a441edb6"},
  "earmark_parser": {:hex, :earmark_parser, "1.4.28", "0bf6546eb7cd6185ae086cbc5d20cd6dbb4b428aad14c02c49f7b554484b4586", [:mix], [], "hexpm", "501cef12286a3231dc80c81352a9453decf9586977f917a96e619293132743fb"},
  "elixir_make": {:hex, :elixir_make, "0.6.3", "bc07d53221216838d79e03a8019d0839786703129599e9619f4ab74c8c096eac", [:mix], [], "hexpm", "f5cbd651c5678bcaabdbb7857658ee106b12509cd976c2c2fca99688e1daf716"},
  "ex_doc": {:hex, :ex_doc, "0.28.5", "3e52a6d2130ce74d096859e477b97080c156d0926701c13870a4e1f752363279", [:mix], [{:earmark_parser, "~> 1.4.19", [hex: :earmark_parser, repo: "hexpm", optional: false]}, {:makeup_elixir, "~> 0.14", [hex: :makeup_elixir, repo: "hexpm", optional: false]}, {:makeup_erlang, "~> 0.1", [hex: :makeup_erlang, repo: "hexpm", optional: false]}], "hexpm", "d2c4b07133113e9aa3e9ba27efb9088ba900e9e51caa383919676afdf09ab181"},
  "ex_hash_ring": {:hex, :ex_hash_ring, "6.0.1", "9ada1f83ccd96b26a104bccc93f92b091fb664d0adf52f7f68ca6c6fa28e5abe", [:mix], [], "hexpm", "b9e73863c57be46e162363299948e06a2e77fe3d24c4d69044433b6eea6998a0"},
  "exla": {:hex, :exla, "0.3.0", "7f282768bdd7ee47bf784fd47750a5c4a75374ae50a54ceb71edd02406e15026", [:make, :mix], [{:elixir_make, "~> 0.6", [hex: :elixir_make, repo: "hexpm", optional: false]}, {:nx, "~> 0.3.0", [hex: :nx, repo: "hexpm", optional: false]}, {:xla, "~> 0.3.0", [hex: :xla, repo: "hexpm", optional: false]}], "hexpm", "0479ee3652795f5b14bd85f031184d0b7a66b91efa6f5a41bde9e292da17b1e8"},
  "exquisite": {:hex, :exquisite, "0.1.10", "e3ca4f8b812696a40a6da3bcd4e9861cef879ee2eb239d5485b0f96885fc9fba", [:mix], [], "hexpm", "0af9319851f1e21dd4adab812c82247f05e11cc19820fa17cc74afd696e2313c"},
  "file_system": {:hex, :file_system, "0.2.10", "fb082005a9cd1711c05b5248710f8826b02d7d1784e7c3451f9c1231d4fc162d", [:mix], [], "hexpm", "41195edbfb562a593726eda3b3e8b103a309b733ad25f3d642ba49696bf715dc"},
  "flow": {:hex, :flow, "1.2.0", "515e03aa3d056cecc3e3f1e80f6ca4bbf5f45b13c88dee5db880b2f3f24f1caa", [:mix], [{:gen_stage, "~> 1.0", [hex: :gen_stage, repo: "hexpm", optional: false]}], "hexpm", "1b45bfc8a9202c5ec80b077c21df133561e56c56189ba4082dddccb6b5762525"},
  "gen_stage": {:hex, :gen_stage, "1.1.2", "b1656cd4ba431ed02c5656fe10cb5423820847113a07218da68eae5d6a260c23", [:mix], [], "hexpm", "9e39af23140f704e2b07a3e29d8f05fd21c2aaf4088ff43cb82be4b9e3148d02"},
  "jason": {:hex, :jason, "1.4.0", "e855647bc964a44e2f67df589ccf49105ae039d4179db7f6271dfd3843dc27e6", [:mix], [{:decimal, "~> 1.0 or ~> 2.0", [hex: :decimal, repo: "hexpm", optional: true]}], "hexpm", "79a3791085b2a0f743ca04cec0f7be26443738779d09302e01318f97bdb82121"},
  "libring": {:hex, :libring, "1.6.0", "d5dca4bcb1765f862ab59f175b403e356dec493f565670e0bacc4b35e109ce0d", [:mix], [], "hexpm", "5e91ece396af4bce99953d49ee0b02f698cd38326d93cd068361038167484319"},
  "makeup": {:hex, :makeup, "1.1.0", "6b67c8bc2882a6b6a445859952a602afc1a41c2e08379ca057c0f525366fc3ca", [:mix], [{:nimble_parsec, "~> 1.2.2 or ~> 1.3", [hex: :nimble_parsec, repo: "hexpm", optional: false]}], "hexpm", "0a45ed501f4a8897f580eabf99a2e5234ea3e75a4373c8a52824f6e873be57a6"},
  "makeup_elixir": {:hex, :makeup_elixir, "0.16.0", "f8c570a0d33f8039513fbccaf7108c5d750f47d8defd44088371191b76492b0b", [:mix], [{:makeup, "~> 1.0", [hex: :makeup, repo: "hexpm", optional: false]}, {:nimble_parsec, "~> 1.2.3", [hex: :nimble_parsec, repo: "hexpm", optional: false]}], "hexpm", "28b2cbdc13960a46ae9a8858c4bebdec3c9a6d7b4b9e7f4ed1502f8159f338e7"},
  "makeup_erlang": {:hex, :makeup_erlang, "0.1.1", "3fcb7f09eb9d98dc4d208f49cc955a34218fc41ff6b84df7c75b3e6e533cc65f", [:mix], [{:makeup, "~> 1.0", [hex: :makeup, repo: "hexpm", optional: false]}], "hexpm", "174d0809e98a4ef0b3309256cbf97101c6ec01c4ab0b23e926a9e17df2077cbb"},
  "nimble_parsec": {:hex, :nimble_parsec, "1.2.3", "244836e6e3f1200c7f30cb56733fd808744eca61fd182f731eac4af635cc6d0b", [:mix], [], "hexpm", "c8d789e39b9131acf7b99291e93dae60ab48ef14a7ee9d58c6964f59efb570b0"},
  "nx": {:hex, :nx, "0.3.0", "12448769619ed1442e22bd198faf4629ae3d0ee3ed565e42be49829cc42bf35f", [:mix], [{:complex, "~> 0.4.2", [hex: :complex, repo: "hexpm", optional: false]}], "hexpm", "d08d8962f4379ade54281aad84c45cb7eb0118b406fc836f07b94acc40df5859"},
  "observer_cli": {:hex, :observer_cli, "1.7.3", "25d094d485f47239f218b53df0691a102fef13071dfd0d04922b5142297cfc93", [:mix, :rebar3], [{:recon, "~>2.5.1", [hex: :recon, repo: "hexpm", optional: false]}], "hexpm", "a41b6d3e11a3444e063e09cc225f7f3e631ce14019e5fbcaebfda89b1bd788ea"},
  "recon": {:hex, :recon, "2.5.2", "cba53fa8db83ad968c9a652e09c3ed7ddcc4da434f27c3eaa9ca47ffb2b1ff03", [:mix, :rebar3], [], "hexpm", "2c7523c8dee91dff41f6b3d63cba2bd49eb6d2fe5bf1eec0df7f87eb5e230e1c"},
  "sidx": {:hex, :sidx, "0.1.2", "f03a9b35c6f6da691f49aefea9672b683fc253980abf6faa345058922a5705d5", [:mix], [{:libring, "~> 1.6", [hex: :libring, repo: "hexpm", optional: false]}], "hexpm", "9f685a8b6b2de52a4e96521641a3598ca4e3e5c67b313ea10adb4ee7d449b497"},
  "xla": {:hex, :xla, "0.3.0", "7f40d3d799447bd745e6e61985c922821e355eca37c25754bac299d11f137f2e", [:make, :mix], [{:elixir_make, "~> 0.4", [hex: :elixir_make, repo: "hexpm", optional: false]}], "hexpm", "0de304f5624ea2f2ae1afdcbd72d33855364be36fed2cc5de8d6d2ec8950926e"},
}
